
Microsoft Visual Studio Solution File, Format Version 11.00
# Visual Studio 2010
Project("{FAE04EC0-301F-11D3-BF4B-00C04F79EFBC}") = "Assembly-CSharp", "Assembly-CSharp.csproj", "{5B1513B4-7B04-8234-2346-4AC6C815A8CD}"
EndProject
Project("{FAE04EC0-301F-11D3-BF4B-00C04F79EFBC}") = "Assembly-CSharp-Editor", "Assembly-CSharp-Editor.csproj", "{59C39E74-91AA-E045-8FC6-E1ABE9708B59}"
EndProject
Global
	GlobalSection(SolutionConfigurationPlatforms) = preSolution
		Debug|Any CPU = Debug|Any CPU
		Release|Any CPU = Release|Any CPU
	EndGlobalSection
	GlobalSection(ProjectConfigurationPlatforms) = postSolution
		{5B1513B4-7B04-8234-2346-4AC6C815A8CD}.Debug|Any CPU.ActiveCfg = Debug|Any CPU
		{5B1513B4-7B04-8234-2346-4AC6C815A8CD}.Debug|Any CPU.Build.0 = Debug|Any CPU
		{5B1513B4-7B04-8234-2346-4AC6C815A8CD}.Release|Any CPU.ActiveCfg = Release|Any CPU
		{5B1513B4-7B04-8234-2346-4AC6C815A8CD}.Release|Any CPU.Build.0 = Release|Any CPU
		{59C39E74-91AA-E045-8FC6-E1ABE9708B59}.Debug|Any CPU.ActiveCfg = Debug|Any CPU
		{59C39E74-91AA-E045-8FC6-E1ABE9708B59}.Debug|Any CPU.Build.0 = Debug|Any CPU
		{59C39E74-91AA-E045-8FC6-E1ABE9708B59}.Release|Any CPU.ActiveCfg = Release|Any CPU
		{59C39E74-91AA-E045-8FC6-E1ABE9708B59}.Release|Any CPU.Build.0 = Release|Any CPU
	EndGlobalSection
	GlobalSection(SolutionProperties) = preSolution
		HideSolutionNode = FALSE
	EndGlobalSection
EndGlobal
